
Microsoft Visual Studio Solution File, Format Version 12.00
# Visual Studio Version 17
VisualStudioVersion = 17.4.33403.182
MinimumVisualStudioVersion = 10.0.40219.1
Project("{9A19103F-16F7-4668-BE54-9A1E7A4F7556}") = "DoAnTotNghiep", "DoAnTotNghiep\DoAnTotNghiep.csproj", "{F20716EF-E289-41DF-9FB8-AB6B241F219E}"
EndProject
Global
	GlobalSection(SolutionConfigurationPlatforms) = preSolution
		Debug|Any CPU = Debug|Any CPU
		Release|Any CPU = Release|Any CPU
	EndGlobalSection
	GlobalSection(ProjectConfigurationPlatforms) = postSolution
		{F20716EF-E289-41DF-9FB8-AB6B241F219E}.Debug|Any CPU.ActiveCfg = Debug|Any CPU
		{F20716EF-E289-41DF-9FB8-AB6B241F219E}.Debug|Any CPU.Build.0 = Debug|Any CPU
		{F20716EF-E289-41DF-9FB8-AB6B241F219E}.Release|Any CPU.ActiveCfg = Release|Any CPU
		{F20716EF-E289-41DF-9FB8-AB6B241F219E}.Release|Any CPU.Build.0 = Release|Any CPU
	EndGlobalSection
	GlobalSection(SolutionProperties) = preSolution
		HideSolutionNode = FALSE
	EndGlobalSection
	GlobalSection(ExtensibilityGlobals) = postSolution
		SolutionGuid = {E6249039-8EF2-4FF7-B40A-FD78F4216E45}
	EndGlobalSection
EndGlobal
