
Microsoft Visual Studio Solution File, Format Version 12.00
# Visual Studio Version 17
VisualStudioVersion = 17.4.33403.182
MinimumVisualStudioVersion = 10.0.40219.1
Project("{9A19103F-16F7-4668-BE54-9A1E7A4F7556}") = "DoAnTotNghiep", "DoAnTotNghiep.csproj", "{02AC5820-E6C8-49FF-B6C5-F4919CFA50F6}"
EndProject
Global
	GlobalSection(SolutionConfigurationPlatforms) = preSolution
		Debug|Any CPU = Debug|Any CPU
		Release|Any CPU = Release|Any CPU
	EndGlobalSection
	GlobalSection(ProjectConfigurationPlatforms) = postSolution
		{02AC5820-E6C8-49FF-B6C5-F4919CFA50F6}.Debug|Any CPU.ActiveCfg = Debug|Any CPU
		{02AC5820-E6C8-49FF-B6C5-F4919CFA50F6}.Debug|Any CPU.Build.0 = Debug|Any CPU
		{02AC5820-E6C8-49FF-B6C5-F4919CFA50F6}.Release|Any CPU.ActiveCfg = Release|Any CPU
		{02AC5820-E6C8-49FF-B6C5-F4919CFA50F6}.Release|Any CPU.Build.0 = Release|Any CPU
	EndGlobalSection
	GlobalSection(SolutionProperties) = preSolution
		HideSolutionNode = FALSE
	EndGlobalSection
	GlobalSection(ExtensibilityGlobals) = postSolution
		SolutionGuid = {69EAA1BF-C486-40CB-95FC-98E39026C01D}
	EndGlobalSection
EndGlobal
